
Microsoft Visual Studio Solution File, Format Version 12.00
Project("{FAE04EC0-301F-11D3-BF4B-00C04F79EFBC}") = "JackCompiler", "JackCompiler\JackCompiler.csproj", "{49620392-FE16-463A-B372-7FFC2BF1477B}"
EndProject
Project("{FAE04EC0-301F-11D3-BF4B-00C04F79EFBC}") = "Tests", "Tests\Tests.csproj", "{69407178-E954-4552-A116-D5735C47FB9A}"
EndProject
Global
	GlobalSection(SolutionConfigurationPlatforms) = preSolution
		Debug|Any CPU = Debug|Any CPU
		Release|Any CPU = Release|Any CPU
	EndGlobalSection
	GlobalSection(ProjectConfigurationPlatforms) = postSolution
		{49620392-FE16-463A-B372-7FFC2BF1477B}.Debug|Any CPU.ActiveCfg = Debug|Any CPU
		{49620392-FE16-463A-B372-7FFC2BF1477B}.Debug|Any CPU.Build.0 = Debug|Any CPU
		{49620392-FE16-463A-B372-7FFC2BF1477B}.Release|Any CPU.ActiveCfg = Release|Any CPU
		{49620392-FE16-463A-B372-7FFC2BF1477B}.Release|Any CPU.Build.0 = Release|Any CPU
		{69407178-E954-4552-A116-D5735C47FB9A}.Debug|Any CPU.ActiveCfg = Debug|Any CPU
		{69407178-E954-4552-A116-D5735C47FB9A}.Debug|Any CPU.Build.0 = Debug|Any CPU
		{69407178-E954-4552-A116-D5735C47FB9A}.Release|Any CPU.ActiveCfg = Release|Any CPU
		{69407178-E954-4552-A116-D5735C47FB9A}.Release|Any CPU.Build.0 = Release|Any CPU
	EndGlobalSection
EndGlobal
